// !$*UTF8*$!
{
	archiveVersion = 1;
	classes = {
	};
	objectVersion = 46;
	objects = {

/* Begin PBXBuildFile section */
		493BCDC22B08BA00CABD3548 /* Pods_HorizontalScrolling.framework in Frameworks */ = {isa = PBXBuildFile; fileRef = 76EDCCF8947E2163A17F8FA9 /* Pods_HorizontalScrolling.framework */; };
		E712047C1BD6AC14004DD674 /* CustomUICollectionViewCell.xib in Resources */ = {isa = PBXBuildFile; fileRef = E712047B1BD6AC14004DD674 /* CustomUICollectionViewCell.xib */; settings = {ASSET_TAGS = (); }; };
		E712047F1BD6B341004DD674 /* Vegetables.jpg in Resources */ = {isa = PBXBuildFile; fileRef = E712047E1BD6B341004DD674 /* Vegetables.jpg */; settings = {ASSET_TAGS = (); }; };
		E712048B1BD701E5004DD674 /* comment.png in Resources */ = {isa = PBXBuildFile; fileRef = E712048A1BD701E5004DD674 /* comment.png */; settings = {ASSET_TAGS = (); }; };
		E712048D1BD70233004DD674 /* good.png in Resources */ = {isa = PBXBuildFile; fileRef = E712048C1BD70233004DD674 /* good.png */; settings = {ASSET_TAGS = (); }; };
		E766B7141C02D3E000B48C3D /* CollectionViewConfig.swift in Sources */ = {isa = PBXBuildFile; fileRef = E766B7131C02D3E000B48C3D /* CollectionViewConfig.swift */; settings = {ASSET_TAGS = (); }; };
		E7B5F4851C02E7CE00A8E48E /* leftViewController.swift in Sources */ = {isa = PBXBuildFile; fileRef = E7B5F4841C02E7CE00A8E48E /* leftViewController.swift */; settings = {ASSET_TAGS = (); }; };
		E7C6F7AE1C047CFC00BBEDE4 /* rightViewController.swift in Sources */ = {isa = PBXBuildFile; fileRef = E7C6F7AD1C047CFC00BBEDE4 /* rightViewController.swift */; settings = {ASSET_TAGS = (); }; };
		E7C6F7B01C04885E00BBEDE4 /* menu.png in Resources */ = {isa = PBXBuildFile; fileRef = E7C6F7AF1C04885E00BBEDE4 /* menu.png */; settings = {ASSET_TAGS = (); }; };
		E7C6F7B21C04889D00BBEDE4 /* menu24.png in Resources */ = {isa = PBXBuildFile; fileRef = E7C6F7B11C04889D00BBEDE4 /* menu24.png */; settings = {ASSET_TAGS = (); }; };
		E7C6F7B41C0AF15800BBEDE4 /* UserViewController.swift in Sources */ = {isa = PBXBuildFile; fileRef = E7C6F7B31C0AF15800BBEDE4 /* UserViewController.swift */; settings = {ASSET_TAGS = (); }; };
		E7C6F7BA1C0B005C00BBEDE4 /* ImageHeaderView.xib in Resources */ = {isa = PBXBuildFile; fileRef = E7C6F7B91C0B005C00BBEDE4 /* ImageHeaderView.xib */; settings = {ASSET_TAGS = (); }; };
		E7C6F7BC1C0B007400BBEDE4 /* ImageHeaderView.swift in Sources */ = {isa = PBXBuildFile; fileRef = E7C6F7BB1C0B007400BBEDE4 /* ImageHeaderView.swift */; settings = {ASSET_TAGS = (); }; };
		E7C6F7BF1C0B078B00BBEDE4 /* UIView.swift in Sources */ = {isa = PBXBuildFile; fileRef = E7C6F7BE1C0B078B00BBEDE4 /* UIView.swift */; settings = {ASSET_TAGS = (); }; };
		E7C6F7C11C0B07D200BBEDE4 /* String.swift in Sources */ = {isa = PBXBuildFile; fileRef = E7C6F7C01C0B07D200BBEDE4 /* String.swift */; settings = {ASSET_TAGS = (); }; };
		E7C6F7C51C0B0DAE00BBEDE4 /* UIImageView.swift in Sources */ = {isa = PBXBuildFile; fileRef = E7C6F7C41C0B0DAE00BBEDE4 /* UIImageView.swift */; settings = {ASSET_TAGS = (); }; };
		E7C6F7C71C0B0E1F00BBEDE4 /* UIImage.swift in Sources */ = {isa = PBXBuildFile; fileRef = E7C6F7C61C0B0E1F00BBEDE4 /* UIImage.swift */; settings = {ASSET_TAGS = (); }; };
		E7C6F7C91C0B11CE00BBEDE4 /* CustomUITableViewCell.swift in Sources */ = {isa = PBXBuildFile; fileRef = E7C6F7C81C0B11CE00BBEDE4 /* CustomUITableViewCell.swift */; settings = {ASSET_TAGS = (); }; };
		E7C6F7CD1C0B191F00BBEDE4 /* CustomUITableViewCell.xib in Resources */ = {isa = PBXBuildFile; fileRef = E7C6F7CC1C0B191F00BBEDE4 /* CustomUITableViewCell.xib */; settings = {ASSET_TAGS = (); }; };
		E7D241B41BC51FCE0008BC05 /* AppDelegate.swift in Sources */ = {isa = PBXBuildFile; fileRef = E7D241B31BC51FCE0008BC05 /* AppDelegate.swift */; };
		E7D241B61BC51FCE0008BC05 /* ViewController.swift in Sources */ = {isa = PBXBuildFile; fileRef = E7D241B51BC51FCE0008BC05 /* ViewController.swift */; };
		E7D241BB1BC51FCE0008BC05 /* Assets.xcassets in Resources */ = {isa = PBXBuildFile; fileRef = E7D241BA1BC51FCE0008BC05 /* Assets.xcassets */; };
		E7D241BE1BC51FCE0008BC05 /* LaunchScreen.storyboard in Resources */ = {isa = PBXBuildFile; fileRef = E7D241BC1BC51FCE0008BC05 /* LaunchScreen.storyboard */; };
		E7D241C91BC51FCE0008BC05 /* HorizontalScrollingTests.swift in Sources */ = {isa = PBXBuildFile; fileRef = E7D241C81BC51FCE0008BC05 /* HorizontalScrollingTests.swift */; };
		E7D241D41BC51FCE0008BC05 /* HorizontalScrollingUITests.swift in Sources */ = {isa = PBXBuildFile; fileRef = E7D241D31BC51FCE0008BC05 /* HorizontalScrollingUITests.swift */; };
		E7F5E7751BD3749600EFC6D4 /* CustomUICollectionViewCell.swift in Sources */ = {isa = PBXBuildFile; fileRef = E7F5E7741BD3749600EFC6D4 /* CustomUICollectionViewCell.swift */; settings = {ASSET_TAGS = (); }; };
/* End PBXBuildFile section */

/* Begin PBXContainerItemProxy section */
		E7D241C51BC51FCE0008BC05 /* PBXContainerItemProxy */ = {
			isa = PBXContainerItemProxy;
			containerPortal = E7D241A81BC51FCE0008BC05 /* Project object */;
			proxyType = 1;
			remoteGlobalIDString = E7D241AF1BC51FCE0008BC05;
			remoteInfo = HorizontalScrolling;
		};
		E7D241D01BC51FCE0008BC05 /* PBXContainerItemProxy */ = {
			isa = PBXContainerItemProxy;
			containerPortal = E7D241A81BC51FCE0008BC05 /* Project object */;
			proxyType = 1;
			remoteGlobalIDString = E7D241AF1BC51FCE0008BC05;
			remoteInfo = HorizontalScrolling;
		};
/* End PBXContainerItemProxy section */

/* Begin PBXFileReference section */
		76EDCCF8947E2163A17F8FA9 /* Pods_HorizontalScrolling.framework */ = {isa = PBXFileReference; explicitFileType = wrapper.framework; includeInIndex = 0; path = Pods_HorizontalScrolling.framework; sourceTree = BUILT_PRODUCTS_DIR; };
		B51B9B584F9E7212BEC310F6 /* Pods-HorizontalScrolling.debug.xcconfig */ = {isa = PBXFileReference; includeInIndex = 1; lastKnownFileType = text.xcconfig; name = "Pods-HorizontalScrolling.debug.xcconfig"; path = "Pods/Target Support Files/Pods-HorizontalScrolling/Pods-HorizontalScrolling.debug.xcconfig"; sourceTree = "<group>"; };
		E712047B1BD6AC14004DD674 /* CustomUICollectionViewCell.xib */ = {isa = PBXFileReference; fileEncoding = 4; lastKnownFileType = file.xib; path = CustomUICollectionViewCell.xib; sourceTree = "<group>"; };
		E712047E1BD6B341004DD674 /* Vegetables.jpg */ = {isa = PBXFileReference; lastKnownFileType = image.jpeg; name = Vegetables.jpg; path = ../../../Vegetables.jpg; sourceTree = "<group>"; };
		E712048A1BD701E5004DD674 /* comment.png */ = {isa = PBXFileReference; lastKnownFileType = image.png; path = comment.png; sourceTree = "<group>"; };
		E712048C1BD70233004DD674 /* good.png */ = {isa = PBXFileReference; lastKnownFileType = image.png; path = good.png; sourceTree = "<group>"; };
		E766B7131C02D3E000B48C3D /* CollectionViewConfig.swift */ = {isa = PBXFileReference; fileEncoding = 4; lastKnownFileType = sourcecode.swift; path = CollectionViewConfig.swift; sourceTree = "<group>"; };
		E7B5F4841C02E7CE00A8E48E /* leftViewController.swift */ = {isa = PBXFileReference; fileEncoding = 4; lastKnownFileType = sourcecode.swift; path = leftViewController.swift; sourceTree = "<group>"; };
		E7C6F7AD1C047CFC00BBEDE4 /* rightViewController.swift */ = {isa = PBXFileReference; fileEncoding = 4; lastKnownFileType = sourcecode.swift; path = rightViewController.swift; sourceTree = "<group>"; };
		E7C6F7AF1C04885E00BBEDE4 /* menu.png */ = {isa = PBXFileReference; lastKnownFileType = image.png; path = menu.png; sourceTree = "<group>"; };
		E7C6F7B11C04889D00BBEDE4 /* menu24.png */ = {isa = PBXFileReference; lastKnownFileType = image.png; path = menu24.png; sourceTree = "<group>"; };
		E7C6F7B31C0AF15800BBEDE4 /* UserViewController.swift */ = {isa = PBXFileReference; fileEncoding = 4; lastKnownFileType = sourcecode.swift; path = UserViewController.swift; sourceTree = "<group>"; };
		E7C6F7B91C0B005C00BBEDE4 /* ImageHeaderView.xib */ = {isa = PBXFileReference; fileEncoding = 4; lastKnownFileType = file.xib; path = ImageHeaderView.xib; sourceTree = "<group>"; };
		E7C6F7BB1C0B007400BBEDE4 /* ImageHeaderView.swift */ = {isa = PBXFileReference; fileEncoding = 4; lastKnownFileType = sourcecode.swift; path = ImageHeaderView.swift; sourceTree = "<group>"; };
		E7C6F7BE1C0B078B00BBEDE4 /* UIView.swift */ = {isa = PBXFileReference; fileEncoding = 4; lastKnownFileType = sourcecode.swift; path = UIView.swift; sourceTree = "<group>"; };
		E7C6F7C01C0B07D200BBEDE4 /* String.swift */ = {isa = PBXFileReference; fileEncoding = 4; lastKnownFileType = sourcecode.swift; path = String.swift; sourceTree = "<group>"; };
		E7C6F7C41C0B0DAE00BBEDE4 /* UIImageView.swift */ = {isa = PBXFileReference; fileEncoding = 4; lastKnownFileType = sourcecode.swift; path = UIImageView.swift; sourceTree = "<group>"; };
		E7C6F7C61C0B0E1F00BBEDE4 /* UIImage.swift */ = {isa = PBXFileReference; fileEncoding = 4; lastKnownFileType = sourcecode.swift; path = UIImage.swift; sourceTree = "<group>"; };
		E7C6F7C81C0B11CE00BBEDE4 /* CustomUITableViewCell.swift */ = {isa = PBXFileReference; fileEncoding = 4; lastKnownFileType = sourcecode.swift; path = CustomUITableViewCell.swift; sourceTree = "<group>"; };
		E7C6F7CC1C0B191F00BBEDE4 /* CustomUITableViewCell.xib */ = {isa = PBXFileReference; fileEncoding = 4; lastKnownFileType = file.xib; path = CustomUITableViewCell.xib; sourceTree = "<group>"; };
		E7D241B01BC51FCE0008BC05 /* HorizontalScrolling.app */ = {isa = PBXFileReference; explicitFileType = wrapper.application; includeInIndex = 0; path = HorizontalScrolling.app; sourceTree = BUILT_PRODUCTS_DIR; };
		E7D241B31BC51FCE0008BC05 /* AppDelegate.swift */ = {isa = PBXFileReference; lastKnownFileType = sourcecode.swift; path = AppDelegate.swift; sourceTree = "<group>"; };
		E7D241B51BC51FCE0008BC05 /* ViewController.swift */ = {isa = PBXFileReference; lastKnownFileType = sourcecode.swift; path = ViewController.swift; sourceTree = "<group>"; };
		E7D241BA1BC51FCE0008BC05 /* Assets.xcassets */ = {isa = PBXFileReference; lastKnownFileType = folder.assetcatalog; path = Assets.xcassets; sourceTree = "<group>"; };
		E7D241BD1BC51FCE0008BC05 /* Base */ = {isa = PBXFileReference; lastKnownFileType = file.storyboard; name = Base; path = Base.lproj/LaunchScreen.storyboard; sourceTree = "<group>"; };
		E7D241BF1BC51FCE0008BC05 /* Info.plist */ = {isa = PBXFileReference; lastKnownFileType = text.plist.xml; path = Info.plist; sourceTree = "<group>"; };
		E7D241C41BC51FCE0008BC05 /* HorizontalScrollingTests.xctest */ = {isa = PBXFileReference; explicitFileType = wrapper.cfbundle; includeInIndex = 0; path = HorizontalScrollingTests.xctest; sourceTree = BUILT_PRODUCTS_DIR; };
		E7D241C81BC51FCE0008BC05 /* HorizontalScrollingTests.swift */ = {isa = PBXFileReference; lastKnownFileType = sourcecode.swift; path = HorizontalScrollingTests.swift; sourceTree = "<group>"; };
		E7D241CA1BC51FCE0008BC05 /* Info.plist */ = {isa = PBXFileReference; lastKnownFileType = text.plist.xml; path = Info.plist; sourceTree = "<group>"; };
		E7D241CF1BC51FCE0008BC05 /* HorizontalScrollingUITests.xctest */ = {isa = PBXFileReference; explicitFileType = wrapper.cfbundle; includeInIndex = 0; path = HorizontalScrollingUITests.xctest; sourceTree = BUILT_PRODUCTS_DIR; };
		E7D241D31BC51FCE0008BC05 /* HorizontalScrollingUITests.swift */ = {isa = PBXFileReference; lastKnownFileType = sourcecode.swift; path = HorizontalScrollingUITests.swift; sourceTree = "<group>"; };
		E7D241D51BC51FCE0008BC05 /* Info.plist */ = {isa = PBXFileReference; lastKnownFileType = text.plist.xml; path = Info.plist; sourceTree = "<group>"; };
		E7F5E7741BD3749600EFC6D4 /* CustomUICollectionViewCell.swift */ = {isa = PBXFileReference; fileEncoding = 4; lastKnownFileType = sourcecode.swift; path = CustomUICollectionViewCell.swift; sourceTree = "<group>"; };
		EFED4CEFFA93A385CBF58F59 /* Pods-HorizontalScrolling.release.xcconfig */ = {isa = PBXFileReference; includeInIndex = 1; lastKnownFileType = text.xcconfig; name = "Pods-HorizontalScrolling.release.xcconfig"; path = "Pods/Target Support Files/Pods-HorizontalScrolling/Pods-HorizontalScrolling.release.xcconfig"; sourceTree = "<group>"; };
/* End PBXFileReference section */

/* Begin PBXFrameworksBuildPhase section */
		E7D241AD1BC51FCE0008BC05 /* Frameworks */ = {
			isa = PBXFrameworksBuildPhase;
			buildActionMask = 2147483647;
			files = (
				493BCDC22B08BA00CABD3548 /* Pods_HorizontalScrolling.framework in Frameworks */,
			);
			runOnlyForDeploymentPostprocessing = 0;
		};
		E7D241C11BC51FCE0008BC05 /* Frameworks */ = {
			isa = PBXFrameworksBuildPhase;
			buildActionMask = 2147483647;
			files = (
			);
			runOnlyForDeploymentPostprocessing = 0;
		};
		E7D241CC1BC51FCE0008BC05 /* Frameworks */ = {
			isa = PBXFrameworksBuildPhase;
			buildActionMask = 2147483647;
			files = (
			);
			runOnlyForDeploymentPostprocessing = 0;
		};
/* End PBXFrameworksBuildPhase section */

/* Begin PBXGroup section */
		328155032A85B015337D428A /* Pods */ = {
			isa = PBXGroup;
			children = (
				B51B9B584F9E7212BEC310F6 /* Pods-HorizontalScrolling.debug.xcconfig */,
				EFED4CEFFA93A385CBF58F59 /* Pods-HorizontalScrolling.release.xcconfig */,
			);
			name = Pods;
			sourceTree = "<group>";
		};
		DA8E676DA176E7B9228CE56F /* Frameworks */ = {
			isa = PBXGroup;
			children = (
				76EDCCF8947E2163A17F8FA9 /* Pods_HorizontalScrolling.framework */,
			);
			name = Frameworks;
			sourceTree = "<group>";
		};
		E712047D1BD6B2FF004DD674 /* TestImages */ = {
			isa = PBXGroup;
			children = (
				E712047E1BD6B341004DD674 /* Vegetables.jpg */,
				E7C6F7AF1C04885E00BBEDE4 /* menu.png */,
				E7C6F7B11C04889D00BBEDE4 /* menu24.png */,
				E712048A1BD701E5004DD674 /* comment.png */,
				E712048C1BD70233004DD674 /* good.png */,
			);
			name = TestImages;
			sourceTree = "<group>";
		};
		E7C6F7BD1C0B076F00BBEDE4 /* Extension */ = {
			isa = PBXGroup;
			children = (
				E7C6F7C01C0B07D200BBEDE4 /* String.swift */,
				E7C6F7BE1C0B078B00BBEDE4 /* UIView.swift */,
				E7C6F7C41C0B0DAE00BBEDE4 /* UIImageView.swift */,
				E7C6F7C61C0B0E1F00BBEDE4 /* UIImage.swift */,
			);
			name = Extension;
			sourceTree = "<group>";
		};
		E7D241A71BC51FCE0008BC05 = {
			isa = PBXGroup;
			children = (
				E7D241B21BC51FCE0008BC05 /* HorizontalScrolling */,
				E7D241C71BC51FCE0008BC05 /* HorizontalScrollingTests */,
				E7D241D21BC51FCE0008BC05 /* HorizontalScrollingUITests */,
				E7D241B11BC51FCE0008BC05 /* Products */,
				328155032A85B015337D428A /* Pods */,
				DA8E676DA176E7B9228CE56F /* Frameworks */,
			);
			sourceTree = "<group>";
		};
		E7D241B11BC51FCE0008BC05 /* Products */ = {
			isa = PBXGroup;
			children = (
				E7D241B01BC51FCE0008BC05 /* HorizontalScrolling.app */,
				E7D241C41BC51FCE0008BC05 /* HorizontalScrollingTests.xctest */,
				E7D241CF1BC51FCE0008BC05 /* HorizontalScrollingUITests.xctest */,
			);
			name = Products;
			sourceTree = "<group>";
		};
		E7D241B21BC51FCE0008BC05 /* HorizontalScrolling */ = {
			isa = PBXGroup;
			children = (
				E7C6F7BD1C0B076F00BBEDE4 /* Extension */,
				E712047D1BD6B2FF004DD674 /* TestImages */,
				E7D241B31BC51FCE0008BC05 /* AppDelegate.swift */,
				E7C6F7AD1C047CFC00BBEDE4 /* rightViewController.swift */,
				E7B5F4841C02E7CE00A8E48E /* leftViewController.swift */,
				E7D241B51BC51FCE0008BC05 /* ViewController.swift */,
				E766B7131C02D3E000B48C3D /* CollectionViewConfig.swift */,
				E7D241BA1BC51FCE0008BC05 /* Assets.xcassets */,
				E7D241BC1BC51FCE0008BC05 /* LaunchScreen.storyboard */,
				E7D241BF1BC51FCE0008BC05 /* Info.plist */,
				E7F5E7741BD3749600EFC6D4 /* CustomUICollectionViewCell.swift */,
				E712047B1BD6AC14004DD674 /* CustomUICollectionViewCell.xib */,
				E7C6F7B31C0AF15800BBEDE4 /* UserViewController.swift */,
				E7C6F7B91C0B005C00BBEDE4 /* ImageHeaderView.xib */,
				E7C6F7BB1C0B007400BBEDE4 /* ImageHeaderView.swift */,
				E7C6F7C81C0B11CE00BBEDE4 /* CustomUITableViewCell.swift */,
				E7C6F7CC1C0B191F00BBEDE4 /* CustomUITableViewCell.xib */,
			);
			path = HorizontalScrolling;
			sourceTree = "<group>";
		};
		E7D241C71BC51FCE0008BC05 /* HorizontalScrollingTests */ = {
			isa = PBXGroup;
			children = (
				E7D241C81BC51FCE0008BC05 /* HorizontalScrollingTests.swift */,
				E7D241CA1BC51FCE0008BC05 /* Info.plist */,
			);
			path = HorizontalScrollingTests;
			sourceTree = "<group>";
		};
		E7D241D21BC51FCE0008BC05 /* HorizontalScrollingUITests */ = {
			isa = PBXGroup;
			children = (
				E7D241D31BC51FCE0008BC05 /* HorizontalScrollingUITests.swift */,
				E7D241D51BC51FCE0008BC05 /* Info.plist */,
			);
			path = HorizontalScrollingUITests;
			sourceTree = "<group>";
		};
/* End PBXGroup section */

/* Begin PBXNativeTarget section */
		E7D241AF1BC51FCE0008BC05 /* HorizontalScrolling */ = {
			isa = PBXNativeTarget;
			buildConfigurationList = E7D241D81BC51FCE0008BC05 /* Build configuration list for PBXNativeTarget "HorizontalScrolling" */;
			buildPhases = (
				124FB7551E1A2FFCA72C40EE /* Check Pods Manifest.lock */,
				E7D241AC1BC51FCE0008BC05 /* Sources */,
				E7D241AD1BC51FCE0008BC05 /* Frameworks */,
				E7D241AE1BC51FCE0008BC05 /* Resources */,
				7A40670AAFDC0EEACF37D074 /* Embed Pods Frameworks */,
				B8109B583BAA31E8A85F8620 /* Copy Pods Resources */,
			);
			buildRules = (
			);
			dependencies = (
			);
			name = HorizontalScrolling;
			productName = HorizontalScrolling;
			productReference = E7D241B01BC51FCE0008BC05 /* HorizontalScrolling.app */;
			productType = "com.apple.product-type.application";
		};
		E7D241C31BC51FCE0008BC05 /* HorizontalScrollingTests */ = {
			isa = PBXNativeTarget;
			buildConfigurationList = E7D241DB1BC51FCE0008BC05 /* Build configuration list for PBXNativeTarget "HorizontalScrollingTests" */;
			buildPhases = (
				E7D241C01BC51FCE0008BC05 /* Sources */,
				E7D241C11BC51FCE0008BC05 /* Frameworks */,
				E7D241C21BC51FCE0008BC05 /* Resources */,
			);
			buildRules = (
			);
			dependencies = (
				E7D241C61BC51FCE0008BC05 /* PBXTargetDependency */,
			);
			name = HorizontalScrollingTests;
			productName = HorizontalScrollingTests;
			productReference = E7D241C41BC51FCE0008BC05 /* HorizontalScrollingTests.xctest */;
			productType = "com.apple.product-type.bundle.unit-test";
		};
		E7D241CE1BC51FCE0008BC05 /* HorizontalScrollingUITests */ = {
			isa = PBXNativeTarget;
			buildConfigurationList = E7D241DE1BC51FCE0008BC05 /* Build configuration list for PBXNativeTarget "HorizontalScrollingUITests" */;
			buildPhases = (
				E7D241CB1BC51FCE0008BC05 /* Sources */,
				E7D241CC1BC51FCE0008BC05 /* Frameworks */,
				E7D241CD1BC51FCE0008BC05 /* Resources */,
			);
			buildRules = (
			);
			dependencies = (
				E7D241D11BC51FCE0008BC05 /* PBXTargetDependency */,
			);
			name = HorizontalScrollingUITests;
			productName = HorizontalScrollingUITests;
			productReference = E7D241CF1BC51FCE0008BC05 /* HorizontalScrollingUITests.xctest */;
			productType = "com.apple.product-type.bundle.ui-testing";
		};
/* End PBXNativeTarget section */

/* Begin PBXProject section */
		E7D241A81BC51FCE0008BC05 /* Project object */ = {
			isa = PBXProject;
			attributes = {
				LastUpgradeCheck = 0700;
				ORGANIZATIONNAME = "矢野史洋";
				TargetAttributes = {
					E7D241AF1BC51FCE0008BC05 = {
						CreatedOnToolsVersion = 7.0.1;
						DevelopmentTeam = V9J9ZM6788;
					};
					E7D241C31BC51FCE0008BC05 = {
						CreatedOnToolsVersion = 7.0.1;
						DevelopmentTeam = V9J9ZM6788;
						TestTargetID = E7D241AF1BC51FCE0008BC05;
					};
					E7D241CE1BC51FCE0008BC05 = {
						CreatedOnToolsVersion = 7.0.1;
						DevelopmentTeam = V9J9ZM6788;
						TestTargetID = E7D241AF1BC51FCE0008BC05;
					};
				};
			};
			buildConfigurationList = E7D241AB1BC51FCE0008BC05 /* Build configuration list for PBXProject "HorizontalScrolling" */;
			compatibilityVersion = "Xcode 3.2";
			developmentRegion = English;
			hasScannedForEncodings = 0;
			knownRegions = (
				en,
				Base,
			);
			mainGroup = E7D241A71BC51FCE0008BC05;
			productRefGroup = E7D241B11BC51FCE0008BC05 /* Products */;
			projectDirPath = "";
			projectRoot = "";
			targets = (
				E7D241AF1BC51FCE0008BC05 /* HorizontalScrolling */,
				E7D241C31BC51FCE0008BC05 /* HorizontalScrollingTests */,
				E7D241CE1BC51FCE0008BC05 /* HorizontalScrollingUITests */,
			);
		};
/* End PBXProject section */

/* Begin PBXResourcesBuildPhase section */
		E7D241AE1BC51FCE0008BC05 /* Resources */ = {
			isa = PBXResourcesBuildPhase;
			buildActionMask = 2147483647;
			files = (
				E7C6F7B21C04889D00BBEDE4 /* menu24.png in Resources */,
				E712047C1BD6AC14004DD674 /* CustomUICollectionViewCell.xib in Resources */,
				E7D241BE1BC51FCE0008BC05 /* LaunchScreen.storyboard in Resources */,
				E712048D1BD70233004DD674 /* good.png in Resources */,
				E7C6F7CD1C0B191F00BBEDE4 /* CustomUITableViewCell.xib in Resources */,
				E712048B1BD701E5004DD674 /* comment.png in Resources */,
				E7C6F7B01C04885E00BBEDE4 /* menu.png in Resources */,
				E7D241BB1BC51FCE0008BC05 /* Assets.xcassets in Resources */,
				E712047F1BD6B341004DD674 /* Vegetables.jpg in Resources */,
				E7C6F7BA1C0B005C00BBEDE4 /* ImageHeaderView.xib in Resources */,
			);
			runOnlyForDeploymentPostprocessing = 0;
		};
		E7D241C21BC51FCE0008BC05 /* Resources */ = {
			isa = PBXResourcesBuildPhase;
			buildActionMask = 2147483647;
			files = (
			);
			runOnlyForDeploymentPostprocessing = 0;
		};
		E7D241CD1BC51FCE0008BC05 /* Resources */ = {
			isa = PBXResourcesBuildPhase;
			buildActionMask = 2147483647;
			files = (
			);
			runOnlyForDeploymentPostprocessing = 0;
		};
/* End PBXResourcesBuildPhase section */

/* Begin PBXShellScriptBuildPhase section */
		124FB7551E1A2FFCA72C40EE /* Check Pods Manifest.lock */ = {
			isa = PBXShellScriptBuildPhase;
			buildActionMask = 2147483647;
			files = (
			);
			inputPaths = (
			);
			name = "Check Pods Manifest.lock";
			outputPaths = (
			);
			runOnlyForDeploymentPostprocessing = 0;
			shellPath = /bin/sh;
			shellScript = "diff \"${PODS_ROOT}/../Podfile.lock\" \"${PODS_ROOT}/Manifest.lock\" > /dev/null\nif [[ $? != 0 ]] ; then\n    cat << EOM\nerror: The sandbox is not in sync with the Podfile.lock. Run 'pod install' or update your CocoaPods installation.\nEOM\n    exit 1\nfi\n";
			showEnvVarsInLog = 0;
		};
		7A40670AAFDC0EEACF37D074 /* Embed Pods Frameworks */ = {
			isa = PBXShellScriptBuildPhase;
			buildActionMask = 2147483647;
			files = (
			);
			inputPaths = (
			);
			name = "Embed Pods Frameworks";
			outputPaths = (
			);
			runOnlyForDeploymentPostprocessing = 0;
			shellPath = /bin/sh;
			shellScript = "\"${SRCROOT}/Pods/Target Support Files/Pods-HorizontalScrolling/Pods-HorizontalScrolling-frameworks.sh\"\n";
			showEnvVarsInLog = 0;
		};
		B8109B583BAA31E8A85F8620 /* Copy Pods Resources */ = {
			isa = PBXShellScriptBuildPhase;
			buildActionMask = 2147483647;
			files = (
			);
			inputPaths = (
			);
			name = "Copy Pods Resources";
			outputPaths = (
			);
			runOnlyForDeploymentPostprocessing = 0;
			shellPath = /bin/sh;
			shellScript = "\"${SRCROOT}/Pods/Target Support Files/Pods-HorizontalScrolling/Pods-HorizontalScrolling-resources.sh\"\n";
			showEnvVarsInLog = 0;
		};
/* End PBXShellScriptBuildPhase section */

/* Begin PBXSourcesBuildPhase section */
		E7D241AC1BC51FCE0008BC05 /* Sources */ = {
			isa = PBXSourcesBuildPhase;
			buildActionMask = 2147483647;
			files = (
				E7C6F7B41C0AF15800BBEDE4 /* UserViewController.swift in Sources */,
				E7C6F7C51C0B0DAE00BBEDE4 /* UIImageView.swift in Sources */,
				E7F5E7751BD3749600EFC6D4 /* CustomUICollectionViewCell.swift in Sources */,
				E7C6F7C11C0B07D200BBEDE4 /* String.swift in Sources */,
				E7C6F7AE1C047CFC00BBEDE4 /* rightViewController.swift in Sources */,
				E7B5F4851C02E7CE00A8E48E /* leftViewController.swift in Sources */,
				E7D241B61BC51FCE0008BC05 /* ViewController.swift in Sources */,
				E7D241B41BC51FCE0008BC05 /* AppDelegate.swift in Sources */,
				E766B7141C02D3E000B48C3D /* CollectionViewConfig.swift in Sources */,
				E7C6F7C71C0B0E1F00BBEDE4 /* UIImage.swift in Sources */,
				E7C6F7BF1C0B078B00BBEDE4 /* UIView.swift in Sources */,
				E7C6F7BC1C0B007400BBEDE4 /* ImageHeaderView.swift in Sources */,
				E7C6F7C91C0B11CE00BBEDE4 /* CustomUITableViewCell.swift in Sources */,
			);
			runOnlyForDeploymentPostprocessing = 0;
		};
		E7D241C01BC51FCE0008BC05 /* Sources */ = {
			isa = PBXSourcesBuildPhase;
			buildActionMask = 2147483647;
			files = (
				E7D241C91BC51FCE0008BC05 /* HorizontalScrollingTests.swift in Sources */,
			);
			runOnlyForDeploymentPostprocessing = 0;
		};
		E7D241CB1BC51FCE0008BC05 /* Sources */ = {
			isa = PBXSourcesBuildPhase;
			buildActionMask = 2147483647;
			files = (
				E7D241D41BC51FCE0008BC05 /* HorizontalScrollingUITests.swift in Sources */,
			);
			runOnlyForDeploymentPostprocessing = 0;
		};
/* End PBXSourcesBuildPhase section */

/* Begin PBXTargetDependency section */
		E7D241C61BC51FCE0008BC05 /* PBXTargetDependency */ = {
			isa = PBXTargetDependency;
			target = E7D241AF1BC51FCE0008BC05 /* HorizontalScrolling */;
			targetProxy = E7D241C51BC51FCE0008BC05 /* PBXContainerItemProxy */;
		};
		E7D241D11BC51FCE0008BC05 /* PBXTargetDependency */ = {
			isa = PBXTargetDependency;
			target = E7D241AF1BC51FCE0008BC05 /* HorizontalScrolling */;
			targetProxy = E7D241D01BC51FCE0008BC05 /* PBXContainerItemProxy */;
		};
/* End PBXTargetDependency section */

/* Begin PBXVariantGroup section */
		E7D241BC1BC51FCE0008BC05 /* LaunchScreen.storyboard */ = {
			isa = PBXVariantGroup;
			children = (
				E7D241BD1BC51FCE0008BC05 /* Base */,
			);
			name = LaunchScreen.storyboard;
			sourceTree = "<group>";
		};
/* End PBXVariantGroup section */

/* Begin XCBuildConfiguration section */
		E7D241D61BC51FCE0008BC05 /* Debug */ = {
			isa = XCBuildConfiguration;
			buildSettings = {
				ALWAYS_SEARCH_USER_PATHS = NO;
				CLANG_CXX_LANGUAGE_STANDARD = "gnu++0x";
				CLANG_CXX_LIBRARY = "libc++";
				CLANG_ENABLE_MODULES = YES;
				CLANG_ENABLE_OBJC_ARC = YES;
				CLANG_WARN_BOOL_CONVERSION = YES;
				CLANG_WARN_CONSTANT_CONVERSION = YES;
				CLANG_WARN_DIRECT_OBJC_ISA_USAGE = YES_ERROR;
				CLANG_WARN_EMPTY_BODY = YES;
				CLANG_WARN_ENUM_CONVERSION = YES;
				CLANG_WARN_INT_CONVERSION = YES;
				CLANG_WARN_OBJC_ROOT_CLASS = YES_ERROR;
				CLANG_WARN_UNREACHABLE_CODE = YES;
				CLANG_WARN__DUPLICATE_METHOD_MATCH = YES;
				"CODE_SIGN_IDENTITY[sdk=iphoneos*]" = "iPhone Developer";
				COPY_PHASE_STRIP = NO;
				DEBUG_INFORMATION_FORMAT = dwarf;
				ENABLE_STRICT_OBJC_MSGSEND = YES;
				ENABLE_TESTABILITY = YES;
				GCC_C_LANGUAGE_STANDARD = gnu99;
				GCC_DYNAMIC_NO_PIC = NO;
				GCC_NO_COMMON_BLOCKS = YES;
				GCC_OPTIMIZATION_LEVEL = 0;
				GCC_PREPROCESSOR_DEFINITIONS = (
					"DEBUG=1",
					"$(inherited)",
				);
				GCC_WARN_64_TO_32_BIT_CONVERSION = YES;
				GCC_WARN_ABOUT_RETURN_TYPE = YES_ERROR;
				GCC_WARN_UNDECLARED_SELECTOR = YES;
				GCC_WARN_UNINITIALIZED_AUTOS = YES_AGGRESSIVE;
				GCC_WARN_UNUSED_FUNCTION = YES;
				GCC_WARN_UNUSED_VARIABLE = YES;
				IPHONEOS_DEPLOYMENT_TARGET = 9.0;
				MTL_ENABLE_DEBUG_INFO = YES;
				ONLY_ACTIVE_ARCH = YES;
				SDKROOT = iphoneos;
				SWIFT_OPTIMIZATION_LEVEL = "-Onone";
				TARGETED_DEVICE_FAMILY = "1,2";
			};
			name = Debug;
		};
		E7D241D71BC51FCE0008BC05 /* Release */ = {
			isa = XCBuildConfiguration;
			buildSettings = {
				ALWAYS_SEARCH_USER_PATHS = NO;
				CLANG_CXX_LANGUAGE_STANDARD = "gnu++0x";
				CLANG_CXX_LIBRARY = "libc++";
				CLANG_ENABLE_MODULES = YES;
				CLANG_ENABLE_OBJC_ARC = YES;
				CLANG_WARN_BOOL_CONVERSION = YES;
				CLANG_WARN_CONSTANT_CONVERSION = YES;
				CLANG_WARN_DIRECT_OBJC_ISA_USAGE = YES_ERROR;
				CLANG_WARN_EMPTY_BODY = YES;
				CLANG_WARN_ENUM_CONVERSION = YES;
				CLANG_WARN_INT_CONVERSION = YES;
				CLANG_WARN_OBJC_ROOT_CLASS = YES_ERROR;
				CLANG_WARN_UNREACHABLE_CODE = YES;
				CLANG_WARN__DUPLICATE_METHOD_MATCH = YES;
				"CODE_SIGN_IDENTITY[sdk=iphoneos*]" = "iPhone Developer";
				COPY_PHASE_STRIP = NO;
				DEBUG_INFORMATION_FORMAT = "dwarf-with-dsym";
				ENABLE_NS_ASSERTIONS = NO;
				ENABLE_STRICT_OBJC_MSGSEND = YES;
				GCC_C_LANGUAGE_STANDARD = gnu99;
				GCC_NO_COMMON_BLOCKS = YES;
				GCC_WARN_64_TO_32_BIT_CONVERSION = YES;
				GCC_WARN_ABOUT_RETURN_TYPE = YES_ERROR;
				GCC_WARN_UNDECLARED_SELECTOR = YES;
				GCC_WARN_UNINITIALIZED_AUTOS = YES_AGGRESSIVE;
				GCC_WARN_UNUSED_FUNCTION = YES;
				GCC_WARN_UNUSED_VARIABLE = YES;
				IPHONEOS_DEPLOYMENT_TARGET = 9.0;
				MTL_ENABLE_DEBUG_INFO = NO;
				SDKROOT = iphoneos;
				TARGETED_DEVICE_FAMILY = "1,2";
				VALIDATE_PRODUCT = YES;
			};
			name = Release;
		};
		E7D241D91BC51FCE0008BC05 /* Debug */ = {
			isa = XCBuildConfiguration;
			baseConfigurationReference = B51B9B584F9E7212BEC310F6 /* Pods-HorizontalScrolling.debug.xcconfig */;
			buildSettings = {
				ALWAYS_SEARCH_USER_PATHS = NO;
				ASSETCATALOG_COMPILER_APPICON_NAME = AppIcon;
				"HEADER_SEARCH_PATHS[arch=*]" = "\"${PODS_ROOT}/Headers/Private/SlideMenuControllerSwift\"";
				INFOPLIST_FILE = HorizontalScrolling/Info.plist;
				LD_RUNPATH_SEARCH_PATHS = "$(inherited) @executable_path/Frameworks";
				PRODUCT_BUNDLE_IDENTIFIER = glooob.HorizontalScrolling;
				PRODUCT_NAME = "$(TARGET_NAME)";
				"SWIFT_INCLUDE_PATHS[arch=*]" = "\"${PODS_ROOT}/Headers/Private/SlideMenuControllerSwift\"";
				SWIFT_OBJC_BRIDGING_HEADER = "";
			};
			name = Debug;
		};
		E7D241DA1BC51FCE0008BC05 /* Release */ = {
			isa = XCBuildConfiguration;
			baseConfigurationReference = EFED4CEFFA93A385CBF58F59 /* Pods-HorizontalScrolling.release.xcconfig */;
			buildSettings = {
				ALWAYS_SEARCH_USER_PATHS = NO;
				ASSETCATALOG_COMPILER_APPICON_NAME = AppIcon;
				INFOPLIST_FILE = HorizontalScrolling/Info.plist;
				LD_RUNPATH_SEARCH_PATHS = "$(inherited) @executable_path/Frameworks";
				PRODUCT_BUNDLE_IDENTIFIER = glooob.HorizontalScrolling;
				PRODUCT_NAME = "$(TARGET_NAME)";
				SWIFT_OBJC_BRIDGING_HEADER = "";
			};
			name = Release;
		};
		E7D241DC1BC51FCE0008BC05 /* Debug */ = {
			isa = XCBuildConfiguration;
			buildSettings = {
				BUNDLE_LOADER = "$(TEST_HOST)";
				INFOPLIST_FILE = HorizontalScrollingTests/Info.plist;
				LD_RUNPATH_SEARCH_PATHS = "$(inherited) @executable_path/Frameworks @loader_path/Frameworks";
				PRODUCT_BUNDLE_IDENTIFIER = glooob.HorizontalScrollingTests;
				PRODUCT_NAME = "$(TARGET_NAME)";
				TEST_HOST = "$(BUILT_PRODUCTS_DIR)/HorizontalScrolling.app/HorizontalScrolling";
			};
			name = Debug;
		};
		E7D241DD1BC51FCE0008BC05 /* Release */ = {
			isa = XCBuildConfiguration;
			buildSettings = {
				BUNDLE_LOADER = "$(TEST_HOST)";
				INFOPLIST_FILE = HorizontalScrollingTests/Info.plist;
				LD_RUNPATH_SEARCH_PATHS = "$(inherited) @executable_path/Frameworks @loader_path/Frameworks";
				PRODUCT_BUNDLE_IDENTIFIER = glooob.HorizontalScrollingTests;
				PRODUCT_NAME = "$(TARGET_NAME)";
				TEST_HOST = "$(BUILT_PRODUCTS_DIR)/HorizontalScrolling.app/HorizontalScrolling";
			};
			name = Release;
		};
		E7D241DF1BC51FCE0008BC05 /* Debug */ = {
			isa = XCBuildConfiguration;
			buildSettings = {
				INFOPLIST_FILE = HorizontalScrollingUITests/Info.plist;
				LD_RUNPATH_SEARCH_PATHS = "$(inherited) @executable_path/Frameworks @loader_path/Frameworks";
				PRODUCT_BUNDLE_IDENTIFIER = glooob.HorizontalScrollingUITests;
				PRODUCT_NAME = "$(TARGET_NAME)";
				TEST_TARGET_NAME = HorizontalScrolling;
				USES_XCTRUNNER = YES;
			};
			name = Debug;
		};
		E7D241E01BC51FCE0008BC05 /* Release */ = {
			isa = XCBuildConfiguration;
			buildSettings = {
				INFOPLIST_FILE = HorizontalScrollingUITests/Info.plist;
				LD_RUNPATH_SEARCH_PATHS = "$(inherited) @executable_path/Frameworks @loader_path/Frameworks";
				PRODUCT_BUNDLE_IDENTIFIER = glooob.HorizontalScrollingUITests;
				PRODUCT_NAME = "$(TARGET_NAME)";
				TEST_TARGET_NAME = HorizontalScrolling;
				USES_XCTRUNNER = YES;
			};
			name = Release;
		};
/* End XCBuildConfiguration section */

/* Begin XCConfigurationList section */
		E7D241AB1BC51FCE0008BC05 /* Build configuration list for PBXProject "HorizontalScrolling" */ = {
			isa = XCConfigurationList;
			buildConfigurations = (
				E7D241D61BC51FCE0008BC05 /* Debug */,
				E7D241D71BC51FCE0008BC05 /* Release */,
			);
			defaultConfigurationIsVisible = 0;
			defaultConfigurationName = Release;
		};
		E7D241D81BC51FCE0008BC05 /* Build configuration list for PBXNativeTarget "HorizontalScrolling" */ = {
			isa = XCConfigurationList;
			buildConfigurations = (
				E7D241D91BC51FCE0008BC05 /* Debug */,
				E7D241DA1BC51FCE0008BC05 /* Release */,
			);
			defaultConfigurationIsVisible = 0;
			defaultConfigurationName = Release;
		};
		E7D241DB1BC51FCE0008BC05 /* Build configuration list for PBXNativeTarget "HorizontalScrollingTests" */ = {
			isa = XCConfigurationList;
			buildConfigurations = (
				E7D241DC1BC51FCE0008BC05 /* Debug */,
				E7D241DD1BC51FCE0008BC05 /* Release */,
			);
			defaultConfigurationIsVisible = 0;
			defaultConfigurationName = Release;
		};
		E7D241DE1BC51FCE0008BC05 /* Build configuration list for PBXNativeTarget "HorizontalScrollingUITests" */ = {
			isa = XCConfigurationList;
			buildConfigurations = (
				E7D241DF1BC51FCE0008BC05 /* Debug */,
				E7D241E01BC51FCE0008BC05 /* Release */,
			);
			defaultConfigurationIsVisible = 0;
			defaultConfigurationName = Release;
		};
/* End XCConfigurationList section */
	};
	rootObject = E7D241A81BC51FCE0008BC05 /* Project object */;
}
